
Microsoft Visual Studio Solution File, Format Version 12.00
# Visual Studio Version 17
VisualStudioVersion = 17.13.35913.81 d17.13
MinimumVisualStudioVersion = 10.0.40219.1
Project("{FAE04EC0-301F-11D3-BF4B-00C04F79EFBC}") = "Calculator", "Calculator.csproj", "{4C7AC3B8-8215-4A65-870C-EC9237601682}"
EndProject
Global
	GlobalSection(SolutionConfigurationPlatforms) = preSolution
		Debug|Any CPU = Debug|Any CPU
		Release|Any CPU = Release|Any CPU
	EndGlobalSection
	GlobalSection(ProjectConfigurationPlatforms) = postSolution
		{4C7AC3B8-8215-4A65-870C-EC9237601682}.Debug|Any CPU.ActiveCfg = Debug|Any CPU
		{4C7AC3B8-8215-4A65-870C-EC9237601682}.Debug|Any CPU.Build.0 = Debug|Any CPU
		{4C7AC3B8-8215-4A65-870C-EC9237601682}.Debug|Any CPU.Deploy.0 = Debug|Any CPU
		{4C7AC3B8-8215-4A65-870C-EC9237601682}.Release|Any CPU.ActiveCfg = Release|Any CPU
		{4C7AC3B8-8215-4A65-870C-EC9237601682}.Release|Any CPU.Build.0 = Release|Any CPU
		{4C7AC3B8-8215-4A65-870C-EC9237601682}.Release|Any CPU.Deploy.0 = Release|Any CPU
	EndGlobalSection
	GlobalSection(SolutionProperties) = preSolution
		HideSolutionNode = FALSE
	EndGlobalSection
	GlobalSection(ExtensibilityGlobals) = postSolution
		SolutionGuid = {E70F9F2B-3E99-4EE6-8976-E383A834E399}
	EndGlobalSection
EndGlobal
